
Microsoft Visual Studio Solution File, Format Version 12.00
# Visual Studio Version 17
VisualStudioVersion = 17.14.36221.1
MinimumVisualStudioVersion = 10.0.40219.1
Project("{FAE04EC0-301F-11D3-BF4B-00C04F79EFBC}") = "AC", "AC.csproj", "{B3DF183F-BF9E-42F5-B052-45243F9E9096}"
EndProject
Project("{2150E333-8FDC-42A3-9474-1A3956D46DE8}") = "Components", "Components", "{02EA681E-C7D8-13C7-8484-4AC65E1B71E8}"
EndProject
Project("{FAE04EC0-301F-11D3-BF4B-00C04F79EFBC}") = "AvalonEditB", "..\Components\AvalonEditB\AvalonEditB.csproj", "{3710F861-06D7-95D2-126D-7D391A7552CC}"
EndProject
Project("{FAE04EC0-301F-11D3-BF4B-00C04F79EFBC}") = "HL", "..\Components\HL\HL.csproj", "{750FDBF4-35F5-EB9C-4564-E84029336ACB}"
EndProject
Project("{FAE04EC0-301F-11D3-BF4B-00C04F79EFBC}") = "ServiceLocator", "..\Components\ServiceLocator\ServiceLocator.csproj", "{2C02F443-7DB4-5AF0-4165-FD605A10E9A5}"
EndProject
Project("{2150E333-8FDC-42A3-9474-1A3956D46DE8}") = "Settings", "Settings", "{6A3F1E20-3269-4265-8DF9-76538250BA2B}"
EndProject
Project("{FAE04EC0-301F-11D3-BF4B-00C04F79EFBC}") = "Settings", "..\Components\Settings\Settings\Settings.csproj", "{7623692B-A717-2E3D-FADD-34BFF48560EE}"
EndProject
Project("{FAE04EC0-301F-11D3-BF4B-00C04F79EFBC}") = "SettingsModel", "..\Components\Settings\SettingsModel\SettingsModel.csproj", "{1EA4FE1C-36A8-95AE-B1CA-0689FC49E81F}"
EndProject
Project("{FAE04EC0-301F-11D3-BF4B-00C04F79EFBC}") = "TextEditLib", "..\Components\TextEditLib\TextEditLib.csproj", "{BEFC58F3-1D98-4B79-B85B-87F4914CB5A8}"
EndProject
Project("{FAE04EC0-301F-11D3-BF4B-00C04F79EFBC}") = "BusinessLib", "..\Components\BusinessLib\BusinessLib.csproj", "{235066AB-8107-47C7-908C-E425975280F4}"
EndProject
Project("{FAE04EC0-301F-11D3-BF4B-00C04F79EFBC}") = "FilterTreeViewLib", "..\Components\FilterTreeViewLib\FilterTreeViewLib.csproj", "{A18035FD-7886-4FB6-975E-FA6F2AB1A80A}"
EndProject
Global
	GlobalSection(SolutionConfigurationPlatforms) = preSolution
		Debug|Any CPU = Debug|Any CPU
		Release|Any CPU = Release|Any CPU
	EndGlobalSection
	GlobalSection(ProjectConfigurationPlatforms) = postSolution
		{B3DF183F-BF9E-42F5-B052-45243F9E9096}.Debug|Any CPU.ActiveCfg = Debug|Any CPU
		{B3DF183F-BF9E-42F5-B052-45243F9E9096}.Debug|Any CPU.Build.0 = Debug|Any CPU
		{B3DF183F-BF9E-42F5-B052-45243F9E9096}.Release|Any CPU.ActiveCfg = Release|Any CPU
		{B3DF183F-BF9E-42F5-B052-45243F9E9096}.Release|Any CPU.Build.0 = Release|Any CPU
		{3710F861-06D7-95D2-126D-7D391A7552CC}.Debug|Any CPU.ActiveCfg = Debug|Any CPU
		{3710F861-06D7-95D2-126D-7D391A7552CC}.Debug|Any CPU.Build.0 = Debug|Any CPU
		{3710F861-06D7-95D2-126D-7D391A7552CC}.Release|Any CPU.ActiveCfg = Release|Any CPU
		{3710F861-06D7-95D2-126D-7D391A7552CC}.Release|Any CPU.Build.0 = Release|Any CPU
		{750FDBF4-35F5-EB9C-4564-E84029336ACB}.Debug|Any CPU.ActiveCfg = Debug|Any CPU
		{750FDBF4-35F5-EB9C-4564-E84029336ACB}.Debug|Any CPU.Build.0 = Debug|Any CPU
		{750FDBF4-35F5-EB9C-4564-E84029336ACB}.Release|Any CPU.ActiveCfg = Release|Any CPU
		{750FDBF4-35F5-EB9C-4564-E84029336ACB}.Release|Any CPU.Build.0 = Release|Any CPU
		{2C02F443-7DB4-5AF0-4165-FD605A10E9A5}.Debug|Any CPU.ActiveCfg = Debug|Any CPU
		{2C02F443-7DB4-5AF0-4165-FD605A10E9A5}.Debug|Any CPU.Build.0 = Debug|Any CPU
		{2C02F443-7DB4-5AF0-4165-FD605A10E9A5}.Release|Any CPU.ActiveCfg = Release|Any CPU
		{2C02F443-7DB4-5AF0-4165-FD605A10E9A5}.Release|Any CPU.Build.0 = Release|Any CPU
		{7623692B-A717-2E3D-FADD-34BFF48560EE}.Debug|Any CPU.ActiveCfg = Debug|Any CPU
		{7623692B-A717-2E3D-FADD-34BFF48560EE}.Debug|Any CPU.Build.0 = Debug|Any CPU
		{7623692B-A717-2E3D-FADD-34BFF48560EE}.Release|Any CPU.ActiveCfg = Release|Any CPU
		{7623692B-A717-2E3D-FADD-34BFF48560EE}.Release|Any CPU.Build.0 = Release|Any CPU
		{1EA4FE1C-36A8-95AE-B1CA-0689FC49E81F}.Debug|Any CPU.ActiveCfg = Debug|Any CPU
		{1EA4FE1C-36A8-95AE-B1CA-0689FC49E81F}.Debug|Any CPU.Build.0 = Debug|Any CPU
		{1EA4FE1C-36A8-95AE-B1CA-0689FC49E81F}.Release|Any CPU.ActiveCfg = Release|Any CPU
		{1EA4FE1C-36A8-95AE-B1CA-0689FC49E81F}.Release|Any CPU.Build.0 = Release|Any CPU
		{BEFC58F3-1D98-4B79-B85B-87F4914CB5A8}.Debug|Any CPU.ActiveCfg = Debug|Any CPU
		{BEFC58F3-1D98-4B79-B85B-87F4914CB5A8}.Debug|Any CPU.Build.0 = Debug|Any CPU
		{BEFC58F3-1D98-4B79-B85B-87F4914CB5A8}.Release|Any CPU.ActiveCfg = Release|Any CPU
		{BEFC58F3-1D98-4B79-B85B-87F4914CB5A8}.Release|Any CPU.Build.0 = Release|Any CPU
		{235066AB-8107-47C7-908C-E425975280F4}.Debug|Any CPU.ActiveCfg = Debug|Any CPU
		{235066AB-8107-47C7-908C-E425975280F4}.Debug|Any CPU.Build.0 = Debug|Any CPU
		{235066AB-8107-47C7-908C-E425975280F4}.Release|Any CPU.ActiveCfg = Release|Any CPU
		{235066AB-8107-47C7-908C-E425975280F4}.Release|Any CPU.Build.0 = Release|Any CPU
		{A18035FD-7886-4FB6-975E-FA6F2AB1A80A}.Debug|Any CPU.ActiveCfg = Debug|Any CPU
		{A18035FD-7886-4FB6-975E-FA6F2AB1A80A}.Debug|Any CPU.Build.0 = Debug|Any CPU
		{A18035FD-7886-4FB6-975E-FA6F2AB1A80A}.Release|Any CPU.ActiveCfg = Release|Any CPU
		{A18035FD-7886-4FB6-975E-FA6F2AB1A80A}.Release|Any CPU.Build.0 = Release|Any CPU
	EndGlobalSection
	GlobalSection(SolutionProperties) = preSolution
		HideSolutionNode = FALSE
	EndGlobalSection
	GlobalSection(NestedProjects) = preSolution
		{3710F861-06D7-95D2-126D-7D391A7552CC} = {02EA681E-C7D8-13C7-8484-4AC65E1B71E8}
		{750FDBF4-35F5-EB9C-4564-E84029336ACB} = {02EA681E-C7D8-13C7-8484-4AC65E1B71E8}
		{2C02F443-7DB4-5AF0-4165-FD605A10E9A5} = {02EA681E-C7D8-13C7-8484-4AC65E1B71E8}
		{6A3F1E20-3269-4265-8DF9-76538250BA2B} = {02EA681E-C7D8-13C7-8484-4AC65E1B71E8}
		{7623692B-A717-2E3D-FADD-34BFF48560EE} = {6A3F1E20-3269-4265-8DF9-76538250BA2B}
		{1EA4FE1C-36A8-95AE-B1CA-0689FC49E81F} = {6A3F1E20-3269-4265-8DF9-76538250BA2B}
		{BEFC58F3-1D98-4B79-B85B-87F4914CB5A8} = {02EA681E-C7D8-13C7-8484-4AC65E1B71E8}
		{235066AB-8107-47C7-908C-E425975280F4} = {02EA681E-C7D8-13C7-8484-4AC65E1B71E8}
		{A18035FD-7886-4FB6-975E-FA6F2AB1A80A} = {02EA681E-C7D8-13C7-8484-4AC65E1B71E8}
	EndGlobalSection
	GlobalSection(ExtensibilityGlobals) = postSolution
		SolutionGuid = {59949FED-C03E-4411-B91E-C1CF91323267}
	EndGlobalSection
EndGlobal
